# This file is generated by Mix.
#
# It is used to lock dependency versions to ensure repeatable builds.
#
# To update a dependency, use `mix deps.update DEP`.
# To unlock a dependency, use `mix deps.unlock DEP`.
#
# It is recommended to track this file in version control.

{
  "batamanta": {:path, "../.."}
}
